
Microsoft Visual Studio Solution File, Format Version 12.00
# Visual Studio Version 17
VisualStudioVersion = 17.8.34322.80
MinimumVisualStudioVersion = 10.0.40219.1
Project("{FAE04EC0-301F-11D3-BF4B-00C04F79EFBC}") = "Week2", "Week2\Week2.csproj", "{70C0558F-5D37-469A-BE4A-A4C3DA8AC503}"
EndProject
Project("{FAE04EC0-301F-11D3-BF4B-00C04F79EFBC}") = "UserGenderValidation", "UserAgeValidation\UserGenderValidation.csproj", "{B654763D-4476-4834-92B1-8FB41725CBB5}"
EndProject
Project("{FAE04EC0-301F-11D3-BF4B-00C04F79EFBC}") = "UserAgeValidation2", "UserAgeValidation2\UserAgeValidation2.csproj", "{7C05E925-2C0F-415E-B7E3-F3D928D037B6}"
EndProject
Global
	GlobalSection(SolutionConfigurationPlatforms) = preSolution
		Debug|Any CPU = Debug|Any CPU
		Release|Any CPU = Release|Any CPU
	EndGlobalSection
	GlobalSection(ProjectConfigurationPlatforms) = postSolution
		{70C0558F-5D37-469A-BE4A-A4C3DA8AC503}.Debug|Any CPU.ActiveCfg = Debug|Any CPU
		{70C0558F-5D37-469A-BE4A-A4C3DA8AC503}.Debug|Any CPU.Build.0 = Debug|Any CPU
		{70C0558F-5D37-469A-BE4A-A4C3DA8AC503}.Release|Any CPU.ActiveCfg = Release|Any CPU
		{70C0558F-5D37-469A-BE4A-A4C3DA8AC503}.Release|Any CPU.Build.0 = Release|Any CPU
		{B654763D-4476-4834-92B1-8FB41725CBB5}.Debug|Any CPU.ActiveCfg = Debug|Any CPU
		{B654763D-4476-4834-92B1-8FB41725CBB5}.Debug|Any CPU.Build.0 = Debug|Any CPU
		{B654763D-4476-4834-92B1-8FB41725CBB5}.Release|Any CPU.ActiveCfg = Release|Any CPU
		{B654763D-4476-4834-92B1-8FB41725CBB5}.Release|Any CPU.Build.0 = Release|Any CPU
		{7C05E925-2C0F-415E-B7E3-F3D928D037B6}.Debug|Any CPU.ActiveCfg = Debug|Any CPU
		{7C05E925-2C0F-415E-B7E3-F3D928D037B6}.Debug|Any CPU.Build.0 = Debug|Any CPU
		{7C05E925-2C0F-415E-B7E3-F3D928D037B6}.Release|Any CPU.ActiveCfg = Release|Any CPU
		{7C05E925-2C0F-415E-B7E3-F3D928D037B6}.Release|Any CPU.Build.0 = Release|Any CPU
	EndGlobalSection
	GlobalSection(SolutionProperties) = preSolution
		HideSolutionNode = FALSE
	EndGlobalSection
	GlobalSection(ExtensibilityGlobals) = postSolution
		SolutionGuid = {5FCB9E73-8740-40C6-9960-65D1A87E512C}
	EndGlobalSection
EndGlobal
